
Microsoft Visual Studio Solution File, Format Version 12.00
# Visual Studio 15
VisualStudioVersion = 15.0.27703.2035
MinimumVisualStudioVersion = 10.0.40219.1
Project("{2150E333-8FDC-42A3-9474-1A3956D46DE8}") = "Client", "Client", "{76B63D03-DC47-452A-8DA2-DE11D2659B2B}"
EndProject
Project("{9A19103F-16F7-4668-BE54-9A1E7A4F7556}") = "TeamPusher.Web", "Client\TeamPusher.Web\TeamPusher.Web.csproj", "{4EE8D149-093B-49FE-A67C-782E9A8ACFD8}"
EndProject
Project("{FAE04EC0-301F-11D3-BF4B-00C04F79EFBC}") = "TeamPusher.WebFrontend", "Client\TeamPusher.WebFrontend\TeamPusher.WebFrontend.csproj", "{2574F603-4B6C-4A30-BFDD-E3BC09EEDFDF}"
EndProject
Global
	GlobalSection(SolutionConfigurationPlatforms) = preSolution
		Debug|Any CPU = Debug|Any CPU
		Release|Any CPU = Release|Any CPU
	EndGlobalSection
	GlobalSection(ProjectConfigurationPlatforms) = postSolution
		{4EE8D149-093B-49FE-A67C-782E9A8ACFD8}.Debug|Any CPU.ActiveCfg = Debug|Any CPU
		{4EE8D149-093B-49FE-A67C-782E9A8ACFD8}.Debug|Any CPU.Build.0 = Debug|Any CPU
		{4EE8D149-093B-49FE-A67C-782E9A8ACFD8}.Release|Any CPU.ActiveCfg = Release|Any CPU
		{4EE8D149-093B-49FE-A67C-782E9A8ACFD8}.Release|Any CPU.Build.0 = Release|Any CPU
		{2574F603-4B6C-4A30-BFDD-E3BC09EEDFDF}.Debug|Any CPU.ActiveCfg = Debug|Any CPU
		{2574F603-4B6C-4A30-BFDD-E3BC09EEDFDF}.Debug|Any CPU.Build.0 = Debug|Any CPU
		{2574F603-4B6C-4A30-BFDD-E3BC09EEDFDF}.Release|Any CPU.ActiveCfg = Release|Any CPU
		{2574F603-4B6C-4A30-BFDD-E3BC09EEDFDF}.Release|Any CPU.Build.0 = Release|Any CPU
	EndGlobalSection
	GlobalSection(SolutionProperties) = preSolution
		HideSolutionNode = FALSE
	EndGlobalSection
	GlobalSection(NestedProjects) = preSolution
		{4EE8D149-093B-49FE-A67C-782E9A8ACFD8} = {76B63D03-DC47-452A-8DA2-DE11D2659B2B}
		{2574F603-4B6C-4A30-BFDD-E3BC09EEDFDF} = {76B63D03-DC47-452A-8DA2-DE11D2659B2B}
	EndGlobalSection
	GlobalSection(ExtensibilityGlobals) = postSolution
		SolutionGuid = {0D997AFF-17C0-4BF8-81B3-6655323E450F}
	EndGlobalSection
EndGlobal
